
Microsoft Visual Studio Solution File, Format Version 12.00
# Visual Studio 15
VisualStudioVersion = 15.0.27004.2005
MinimumVisualStudioVersion = 10.0.40219.1
Project("{FAE04EC0-301F-11D3-BF4B-00C04F79EFBC}") = "AdapterAppliance", "AdapterAppliance\AdapterAppliance.csproj", "{8746DA72-E78B-44A3-B4AB-9484E50C7BDB}"
EndProject
Project("{FAE04EC0-301F-11D3-BF4B-00C04F79EFBC}") = "BridgeAppliance", "BridgeAppliance\BridgeAppliance.csproj", "{5E71EB2B-02F0-4034-BE87-266DAF76D73C}"
EndProject
Project("{FAE04EC0-301F-11D3-BF4B-00C04F79EFBC}") = "DecoratorAppliance", "DecoratorAppliance\DecoratorAppliance.csproj", "{10602822-FA0D-4F95-8E92-3A06CFBBCF21}"
EndProject
Project("{FAE04EC0-301F-11D3-BF4B-00C04F79EFBC}") = "CompositeAppliance", "CompositeAppliance\CompositeAppliance.csproj", "{8D4D1009-86A6-486B-94DA-65AF8839A683}"
EndProject
Project("{FAE04EC0-301F-11D3-BF4B-00C04F79EFBC}") = "FacadeAppliance", "FacadeAppliance\FacadeAppliance.csproj", "{3641215C-7F17-4317-B950-20B8ABED56B0}"
EndProject
Project("{FAE04EC0-301F-11D3-BF4B-00C04F79EFBC}") = "ProxyAppliance", "ProxyAppliance\ProxyAppliance.csproj", "{BC9613CE-6406-4C24-8C56-463804FCD871}"
	ProjectSection(ProjectDependencies) = postProject
		{9E75BEFB-4941-4A93-90EE-12A7C49FE3F3} = {9E75BEFB-4941-4A93-90EE-12A7C49FE3F3}
	EndProjectSection
EndProject
Project("{FAE04EC0-301F-11D3-BF4B-00C04F79EFBC}") = "WcfDataService", "WcfDataService\WcfDataService.csproj", "{9E75BEFB-4941-4A93-90EE-12A7C49FE3F3}"
EndProject
Global
	GlobalSection(SolutionConfigurationPlatforms) = preSolution
		Debug|Any CPU = Debug|Any CPU
		Release|Any CPU = Release|Any CPU
	EndGlobalSection
	GlobalSection(ProjectConfigurationPlatforms) = postSolution
		{8746DA72-E78B-44A3-B4AB-9484E50C7BDB}.Debug|Any CPU.ActiveCfg = Debug|Any CPU
		{8746DA72-E78B-44A3-B4AB-9484E50C7BDB}.Debug|Any CPU.Build.0 = Debug|Any CPU
		{8746DA72-E78B-44A3-B4AB-9484E50C7BDB}.Release|Any CPU.ActiveCfg = Release|Any CPU
		{8746DA72-E78B-44A3-B4AB-9484E50C7BDB}.Release|Any CPU.Build.0 = Release|Any CPU
		{5E71EB2B-02F0-4034-BE87-266DAF76D73C}.Debug|Any CPU.ActiveCfg = Debug|Any CPU
		{5E71EB2B-02F0-4034-BE87-266DAF76D73C}.Debug|Any CPU.Build.0 = Debug|Any CPU
		{5E71EB2B-02F0-4034-BE87-266DAF76D73C}.Release|Any CPU.ActiveCfg = Release|Any CPU
		{5E71EB2B-02F0-4034-BE87-266DAF76D73C}.Release|Any CPU.Build.0 = Release|Any CPU
		{10602822-FA0D-4F95-8E92-3A06CFBBCF21}.Debug|Any CPU.ActiveCfg = Debug|Any CPU
		{10602822-FA0D-4F95-8E92-3A06CFBBCF21}.Debug|Any CPU.Build.0 = Debug|Any CPU
		{10602822-FA0D-4F95-8E92-3A06CFBBCF21}.Release|Any CPU.ActiveCfg = Release|Any CPU
		{10602822-FA0D-4F95-8E92-3A06CFBBCF21}.Release|Any CPU.Build.0 = Release|Any CPU
		{8D4D1009-86A6-486B-94DA-65AF8839A683}.Debug|Any CPU.ActiveCfg = Debug|Any CPU
		{8D4D1009-86A6-486B-94DA-65AF8839A683}.Debug|Any CPU.Build.0 = Debug|Any CPU
		{8D4D1009-86A6-486B-94DA-65AF8839A683}.Release|Any CPU.ActiveCfg = Release|Any CPU
		{8D4D1009-86A6-486B-94DA-65AF8839A683}.Release|Any CPU.Build.0 = Release|Any CPU
		{3641215C-7F17-4317-B950-20B8ABED56B0}.Debug|Any CPU.ActiveCfg = Debug|Any CPU
		{3641215C-7F17-4317-B950-20B8ABED56B0}.Debug|Any CPU.Build.0 = Debug|Any CPU
		{3641215C-7F17-4317-B950-20B8ABED56B0}.Release|Any CPU.ActiveCfg = Release|Any CPU
		{3641215C-7F17-4317-B950-20B8ABED56B0}.Release|Any CPU.Build.0 = Release|Any CPU
		{BC9613CE-6406-4C24-8C56-463804FCD871}.Debug|Any CPU.ActiveCfg = Debug|Any CPU
		{BC9613CE-6406-4C24-8C56-463804FCD871}.Debug|Any CPU.Build.0 = Debug|Any CPU
		{BC9613CE-6406-4C24-8C56-463804FCD871}.Release|Any CPU.ActiveCfg = Release|Any CPU
		{BC9613CE-6406-4C24-8C56-463804FCD871}.Release|Any CPU.Build.0 = Release|Any CPU
		{9E75BEFB-4941-4A93-90EE-12A7C49FE3F3}.Debug|Any CPU.ActiveCfg = Debug|Any CPU
		{9E75BEFB-4941-4A93-90EE-12A7C49FE3F3}.Debug|Any CPU.Build.0 = Debug|Any CPU
		{9E75BEFB-4941-4A93-90EE-12A7C49FE3F3}.Release|Any CPU.ActiveCfg = Release|Any CPU
		{9E75BEFB-4941-4A93-90EE-12A7C49FE3F3}.Release|Any CPU.Build.0 = Release|Any CPU
	EndGlobalSection
	GlobalSection(SolutionProperties) = preSolution
		HideSolutionNode = FALSE
	EndGlobalSection
	GlobalSection(ExtensibilityGlobals) = postSolution
		SolutionGuid = {DBDB4600-2A72-45AE-9890-866E87BB8664}
	EndGlobalSection
EndGlobal
